
Microsoft Visual Studio Solution File, Format Version 12.00
# Visual Studio Version 18
VisualStudioVersion = 18.0.11222.15
MinimumVisualStudioVersion = 10.0.40219.1
Project("{FAE04EC0-301F-11D3-BF4B-00C04F79EFBC}") = "GreenSwamp.Alpaca.Server", "GreenSwamp.Alpaca.Server\GreenSwamp.Alpaca.Server.csproj", "{BA42591E-C62A-864C-B5A4-F82236C4A66B}"
EndProject
Project("{FAE04EC0-301F-11D3-BF4B-00C04F79EFBC}") = "ASCOM.Alpaca.Razor", "ASCOM.Alpaca.Razor\ASCOM.Alpaca.Razor.csproj", "{9C346E5D-585E-8AD5-8C95-45AB771B7117}"
EndProject
Project("{FAE04EC0-301F-11D3-BF4B-00C04F79EFBC}") = "GreenSwamp.Alpaca.MountControl", "GreenSwamp.Alpaca.MountControl\GreenSwamp.Alpaca.MountControl.csproj", "{669075C6-51C7-8CC6-C5F6-7ADAA1AB78AD}"
EndProject
Project("{FAE04EC0-301F-11D3-BF4B-00C04F79EFBC}") = "GreenSwamp.Alpaca.Shared", "GreenSwamp.Alpaca.Shared\GreenSwamp.Alpaca.Shared.csproj", "{2737A883-183B-4CDD-92D8-BFB8C2934B6C}"
EndProject
Project("{FAE04EC0-301F-11D3-BF4B-00C04F79EFBC}") = "GreenSwamp.Alpaca.Principles", "GreenSwamp.Alpaca.Principles\GreenSwamp.Alpaca.Principles.csproj", "{8380E091-C959-47B8-973A-EEE338C814CA}"
EndProject
Project("{FAE04EC0-301F-11D3-BF4B-00C04F79EFBC}") = "GreenSwamp.Alpaca.Mount.Simulator", "GreenSwamp.Alpaca.Simulator\GreenSwamp.Alpaca.Mount.Simulator.csproj", "{D1C373B4-9EE3-4327-B8BF-DF7D60E66436}"
EndProject
Project("{FAE04EC0-301F-11D3-BF4B-00C04F79EFBC}") = "GreenSwamp.Alpaca.Mount.Commands", "GreenSwamp.Alpaca.Mount.Commands\GreenSwamp.Alpaca.Mount.Commands.csproj", "{F586DA9F-AA75-4450-B2F4-E420B9894B9A}"
EndProject
Project("{FAE04EC0-301F-11D3-BF4B-00C04F79EFBC}") = "GreenSwamp.Alpaca.Mount.SkyWatcher", "GreenSwamp.Alpaca.Mount.SkyWatcher\GreenSwamp.Alpaca.Mount.SkyWatcher.csproj", "{CF8285B0-130B-4397-BE31-0057B6AD9310}"
EndProject
Project("{FAE04EC0-301F-11D3-BF4B-00C04F79EFBC}") = "GreenSwamp.Alpaca.Settings", "GreenSwamp.Alpaca.Settings\GreenSwamp.Alpaca.Settings.csproj", "{AAE169B3-A1FC-4F1A-AC06-2C2D771B8416}"
EndProject
Project("{FAE04EC0-301F-11D3-BF4B-00C04F79EFBC}") = "GreenSwamp.Alpaca.MountControl.Tests", "GreenSwamp.Alpaca.MountControl.Tests\GreenSwamp.Alpaca.MountControl.Tests.csproj", "{86052546-7933-42B0-9F47-13D9A8423411}"
EndProject
Project("{2150E333-8FDC-42A3-9474-1A3956D46DE8}") = "Solution Items", "Solution Items", "{28A731CF-B6F6-481C-887B-7A194515D449}"
	ProjectSection(SolutionItems) = preProject
		Directory.Build.props = Directory.Build.props
		.github\workflows\release.yml = .github\workflows\release.yml
	EndProjectSection
EndProject
Project("{B7DD6F7E-DEF8-4E67-B5B7-07EF123DB6F0}") = "GreenSwamp.Alpaca.Installer", "GreenSwamp.Alpaca.Installer\GreenSwamp.Alpaca.Installer.wixproj", "{36AA575E-712F-450B-9CFF-C7F677E08392}"
EndProject
Global
	GlobalSection(SolutionConfigurationPlatforms) = preSolution
		Debug|Any CPU = Debug|Any CPU
		Debug|ARM64 = Debug|ARM64
		Debug|x64 = Debug|x64
		Debug|x86 = Debug|x86
		Release|Any CPU = Release|Any CPU
		Release|ARM64 = Release|ARM64
		Release|x64 = Release|x64
		Release|x86 = Release|x86
	EndGlobalSection
	GlobalSection(ProjectConfigurationPlatforms) = postSolution
		{BA42591E-C62A-864C-B5A4-F82236C4A66B}.Debug|Any CPU.ActiveCfg = Debug|Any CPU
		{BA42591E-C62A-864C-B5A4-F82236C4A66B}.Debug|Any CPU.Build.0 = Debug|Any CPU
		{BA42591E-C62A-864C-B5A4-F82236C4A66B}.Debug|ARM64.ActiveCfg = Debug|Any CPU
		{BA42591E-C62A-864C-B5A4-F82236C4A66B}.Debug|ARM64.Build.0 = Debug|Any CPU
		{BA42591E-C62A-864C-B5A4-F82236C4A66B}.Debug|x64.ActiveCfg = Debug|Any CPU
		{BA42591E-C62A-864C-B5A4-F82236C4A66B}.Debug|x64.Build.0 = Debug|Any CPU
		{BA42591E-C62A-864C-B5A4-F82236C4A66B}.Debug|x86.ActiveCfg = Debug|Any CPU
		{BA42591E-C62A-864C-B5A4-F82236C4A66B}.Debug|x86.Build.0 = Debug|Any CPU
		{BA42591E-C62A-864C-B5A4-F82236C4A66B}.Release|Any CPU.ActiveCfg = Release|Any CPU
		{BA42591E-C62A-864C-B5A4-F82236C4A66B}.Release|Any CPU.Build.0 = Release|Any CPU
		{BA42591E-C62A-864C-B5A4-F82236C4A66B}.Release|ARM64.ActiveCfg = Release|Any CPU
		{BA42591E-C62A-864C-B5A4-F82236C4A66B}.Release|ARM64.Build.0 = Release|Any CPU
		{BA42591E-C62A-864C-B5A4-F82236C4A66B}.Release|x64.ActiveCfg = Release|Any CPU
		{BA42591E-C62A-864C-B5A4-F82236C4A66B}.Release|x64.Build.0 = Release|Any CPU
		{BA42591E-C62A-864C-B5A4-F82236C4A66B}.Release|x86.ActiveCfg = Release|Any CPU
		{BA42591E-C62A-864C-B5A4-F82236C4A66B}.Release|x86.Build.0 = Release|Any CPU
		{9C346E5D-585E-8AD5-8C95-45AB771B7117}.Debug|Any CPU.ActiveCfg = Debug|Any CPU
		{9C346E5D-585E-8AD5-8C95-45AB771B7117}.Debug|Any CPU.Build.0 = Debug|Any CPU
		{9C346E5D-585E-8AD5-8C95-45AB771B7117}.Debug|ARM64.ActiveCfg = Debug|Any CPU
		{9C346E5D-585E-8AD5-8C95-45AB771B7117}.Debug|ARM64.Build.0 = Debug|Any CPU
		{9C346E5D-585E-8AD5-8C95-45AB771B7117}.Debug|x64.ActiveCfg = Debug|Any CPU
		{9C346E5D-585E-8AD5-8C95-45AB771B7117}.Debug|x64.Build.0 = Debug|Any CPU
		{9C346E5D-585E-8AD5-8C95-45AB771B7117}.Debug|x86.ActiveCfg = Debug|Any CPU
		{9C346E5D-585E-8AD5-8C95-45AB771B7117}.Debug|x86.Build.0 = Debug|Any CPU
		{9C346E5D-585E-8AD5-8C95-45AB771B7117}.Release|Any CPU.ActiveCfg = Release|Any CPU
		{9C346E5D-585E-8AD5-8C95-45AB771B7117}.Release|Any CPU.Build.0 = Release|Any CPU
		{9C346E5D-585E-8AD5-8C95-45AB771B7117}.Release|ARM64.ActiveCfg = Release|Any CPU
		{9C346E5D-585E-8AD5-8C95-45AB771B7117}.Release|ARM64.Build.0 = Release|Any CPU
		{9C346E5D-585E-8AD5-8C95-45AB771B7117}.Release|x64.ActiveCfg = Release|Any CPU
		{9C346E5D-585E-8AD5-8C95-45AB771B7117}.Release|x64.Build.0 = Release|Any CPU
		{9C346E5D-585E-8AD5-8C95-45AB771B7117}.Release|x86.ActiveCfg = Release|Any CPU
		{9C346E5D-585E-8AD5-8C95-45AB771B7117}.Release|x86.Build.0 = Release|Any CPU
		{669075C6-51C7-8CC6-C5F6-7ADAA1AB78AD}.Debug|Any CPU.ActiveCfg = Debug|Any CPU
		{669075C6-51C7-8CC6-C5F6-7ADAA1AB78AD}.Debug|Any CPU.Build.0 = Debug|Any CPU
		{669075C6-51C7-8CC6-C5F6-7ADAA1AB78AD}.Debug|ARM64.ActiveCfg = Debug|Any CPU
		{669075C6-51C7-8CC6-C5F6-7ADAA1AB78AD}.Debug|ARM64.Build.0 = Debug|Any CPU
		{669075C6-51C7-8CC6-C5F6-7ADAA1AB78AD}.Debug|x64.ActiveCfg = Debug|Any CPU
		{669075C6-51C7-8CC6-C5F6-7ADAA1AB78AD}.Debug|x64.Build.0 = Debug|Any CPU
		{669075C6-51C7-8CC6-C5F6-7ADAA1AB78AD}.Debug|x86.ActiveCfg = Debug|Any CPU
		{669075C6-51C7-8CC6-C5F6-7ADAA1AB78AD}.Debug|x86.Build.0 = Debug|Any CPU
		{669075C6-51C7-8CC6-C5F6-7ADAA1AB78AD}.Release|Any CPU.ActiveCfg = Release|Any CPU
		{669075C6-51C7-8CC6-C5F6-7ADAA1AB78AD}.Release|Any CPU.Build.0 = Release|Any CPU
		{669075C6-51C7-8CC6-C5F6-7ADAA1AB78AD}.Release|ARM64.ActiveCfg = Release|Any CPU
		{669075C6-51C7-8CC6-C5F6-7ADAA1AB78AD}.Release|ARM64.Build.0 = Release|Any CPU
		{669075C6-51C7-8CC6-C5F6-7ADAA1AB78AD}.Release|x64.ActiveCfg = Release|Any CPU
		{669075C6-51C7-8CC6-C5F6-7ADAA1AB78AD}.Release|x64.Build.0 = Release|Any CPU
		{669075C6-51C7-8CC6-C5F6-7ADAA1AB78AD}.Release|x86.ActiveCfg = Release|Any CPU
		{669075C6-51C7-8CC6-C5F6-7ADAA1AB78AD}.Release|x86.Build.0 = Release|Any CPU
		{2737A883-183B-4CDD-92D8-BFB8C2934B6C}.Debug|Any CPU.ActiveCfg = Debug|Any CPU
		{2737A883-183B-4CDD-92D8-BFB8C2934B6C}.Debug|Any CPU.Build.0 = Debug|Any CPU
		{2737A883-183B-4CDD-92D8-BFB8C2934B6C}.Debug|ARM64.ActiveCfg = Debug|Any CPU
		{2737A883-183B-4CDD-92D8-BFB8C2934B6C}.Debug|ARM64.Build.0 = Debug|Any CPU
		{2737A883-183B-4CDD-92D8-BFB8C2934B6C}.Debug|x64.ActiveCfg = Debug|Any CPU
		{2737A883-183B-4CDD-92D8-BFB8C2934B6C}.Debug|x64.Build.0 = Debug|Any CPU
		{2737A883-183B-4CDD-92D8-BFB8C2934B6C}.Debug|x86.ActiveCfg = Debug|Any CPU
		{2737A883-183B-4CDD-92D8-BFB8C2934B6C}.Debug|x86.Build.0 = Debug|Any CPU
		{2737A883-183B-4CDD-92D8-BFB8C2934B6C}.Release|Any CPU.ActiveCfg = Release|Any CPU
		{2737A883-183B-4CDD-92D8-BFB8C2934B6C}.Release|Any CPU.Build.0 = Release|Any CPU
		{2737A883-183B-4CDD-92D8-BFB8C2934B6C}.Release|ARM64.ActiveCfg = Release|Any CPU
		{2737A883-183B-4CDD-92D8-BFB8C2934B6C}.Release|ARM64.Build.0 = Release|Any CPU
		{2737A883-183B-4CDD-92D8-BFB8C2934B6C}.Release|x64.ActiveCfg = Release|Any CPU
		{2737A883-183B-4CDD-92D8-BFB8C2934B6C}.Release|x64.Build.0 = Release|Any CPU
		{2737A883-183B-4CDD-92D8-BFB8C2934B6C}.Release|x86.ActiveCfg = Release|Any CPU
		{2737A883-183B-4CDD-92D8-BFB8C2934B6C}.Release|x86.Build.0 = Release|Any CPU
		{8380E091-C959-47B8-973A-EEE338C814CA}.Debug|Any CPU.ActiveCfg = Debug|Any CPU
		{8380E091-C959-47B8-973A-EEE338C814CA}.Debug|Any CPU.Build.0 = Debug|Any CPU
		{8380E091-C959-47B8-973A-EEE338C814CA}.Debug|ARM64.ActiveCfg = Debug|Any CPU
		{8380E091-C959-47B8-973A-EEE338C814CA}.Debug|ARM64.Build.0 = Debug|Any CPU
		{8380E091-C959-47B8-973A-EEE338C814CA}.Debug|x64.ActiveCfg = Debug|Any CPU
		{8380E091-C959-47B8-973A-EEE338C814CA}.Debug|x64.Build.0 = Debug|Any CPU
		{8380E091-C959-47B8-973A-EEE338C814CA}.Debug|x86.ActiveCfg = Debug|Any CPU
		{8380E091-C959-47B8-973A-EEE338C814CA}.Debug|x86.Build.0 = Debug|Any CPU
		{8380E091-C959-47B8-973A-EEE338C814CA}.Release|Any CPU.ActiveCfg = Release|Any CPU
		{8380E091-C959-47B8-973A-EEE338C814CA}.Release|Any CPU.Build.0 = Release|Any CPU
		{8380E091-C959-47B8-973A-EEE338C814CA}.Release|ARM64.ActiveCfg = Release|Any CPU
		{8380E091-C959-47B8-973A-EEE338C814CA}.Release|ARM64.Build.0 = Release|Any CPU
		{8380E091-C959-47B8-973A-EEE338C814CA}.Release|x64.ActiveCfg = Release|Any CPU
		{8380E091-C959-47B8-973A-EEE338C814CA}.Release|x64.Build.0 = Release|Any CPU
		{8380E091-C959-47B8-973A-EEE338C814CA}.Release|x86.ActiveCfg = Release|Any CPU
		{8380E091-C959-47B8-973A-EEE338C814CA}.Release|x86.Build.0 = Release|Any CPU
		{D1C373B4-9EE3-4327-B8BF-DF7D60E66436}.Debug|Any CPU.ActiveCfg = Debug|Any CPU
		{D1C373B4-9EE3-4327-B8BF-DF7D60E66436}.Debug|Any CPU.Build.0 = Debug|Any CPU
		{D1C373B4-9EE3-4327-B8BF-DF7D60E66436}.Debug|ARM64.ActiveCfg = Debug|Any CPU
		{D1C373B4-9EE3-4327-B8BF-DF7D60E66436}.Debug|ARM64.Build.0 = Debug|Any CPU
		{D1C373B4-9EE3-4327-B8BF-DF7D60E66436}.Debug|x64.ActiveCfg = Debug|Any CPU
		{D1C373B4-9EE3-4327-B8BF-DF7D60E66436}.Debug|x64.Build.0 = Debug|Any CPU
		{D1C373B4-9EE3-4327-B8BF-DF7D60E66436}.Debug|x86.ActiveCfg = Debug|Any CPU
		{D1C373B4-9EE3-4327-B8BF-DF7D60E66436}.Debug|x86.Build.0 = Debug|Any CPU
		{D1C373B4-9EE3-4327-B8BF-DF7D60E66436}.Release|Any CPU.ActiveCfg = Release|Any CPU
		{D1C373B4-9EE3-4327-B8BF-DF7D60E66436}.Release|Any CPU.Build.0 = Release|Any CPU
		{D1C373B4-9EE3-4327-B8BF-DF7D60E66436}.Release|ARM64.ActiveCfg = Release|Any CPU
		{D1C373B4-9EE3-4327-B8BF-DF7D60E66436}.Release|ARM64.Build.0 = Release|Any CPU
		{D1C373B4-9EE3-4327-B8BF-DF7D60E66436}.Release|x64.ActiveCfg = Release|Any CPU
		{D1C373B4-9EE3-4327-B8BF-DF7D60E66436}.Release|x64.Build.0 = Release|Any CPU
		{D1C373B4-9EE3-4327-B8BF-DF7D60E66436}.Release|x86.ActiveCfg = Release|Any CPU
		{D1C373B4-9EE3-4327-B8BF-DF7D60E66436}.Release|x86.Build.0 = Release|Any CPU
		{F586DA9F-AA75-4450-B2F4-E420B9894B9A}.Debug|Any CPU.ActiveCfg = Debug|Any CPU
		{F586DA9F-AA75-4450-B2F4-E420B9894B9A}.Debug|Any CPU.Build.0 = Debug|Any CPU
		{F586DA9F-AA75-4450-B2F4-E420B9894B9A}.Debug|ARM64.ActiveCfg = Debug|Any CPU
		{F586DA9F-AA75-4450-B2F4-E420B9894B9A}.Debug|ARM64.Build.0 = Debug|Any CPU
		{F586DA9F-AA75-4450-B2F4-E420B9894B9A}.Debug|x64.ActiveCfg = Debug|Any CPU
		{F586DA9F-AA75-4450-B2F4-E420B9894B9A}.Debug|x64.Build.0 = Debug|Any CPU
		{F586DA9F-AA75-4450-B2F4-E420B9894B9A}.Debug|x86.ActiveCfg = Debug|Any CPU
		{F586DA9F-AA75-4450-B2F4-E420B9894B9A}.Debug|x86.Build.0 = Debug|Any CPU
		{F586DA9F-AA75-4450-B2F4-E420B9894B9A}.Release|Any CPU.ActiveCfg = Release|Any CPU
		{F586DA9F-AA75-4450-B2F4-E420B9894B9A}.Release|Any CPU.Build.0 = Release|Any CPU
		{F586DA9F-AA75-4450-B2F4-E420B9894B9A}.Release|ARM64.ActiveCfg = Release|Any CPU
		{F586DA9F-AA75-4450-B2F4-E420B9894B9A}.Release|ARM64.Build.0 = Release|Any CPU
		{F586DA9F-AA75-4450-B2F4-E420B9894B9A}.Release|x64.ActiveCfg = Release|Any CPU
		{F586DA9F-AA75-4450-B2F4-E420B9894B9A}.Release|x64.Build.0 = Release|Any CPU
		{F586DA9F-AA75-4450-B2F4-E420B9894B9A}.Release|x86.ActiveCfg = Release|Any CPU
		{F586DA9F-AA75-4450-B2F4-E420B9894B9A}.Release|x86.Build.0 = Release|Any CPU
		{CF8285B0-130B-4397-BE31-0057B6AD9310}.Debug|Any CPU.ActiveCfg = Debug|Any CPU
		{CF8285B0-130B-4397-BE31-0057B6AD9310}.Debug|Any CPU.Build.0 = Debug|Any CPU
		{CF8285B0-130B-4397-BE31-0057B6AD9310}.Debug|ARM64.ActiveCfg = Debug|Any CPU
		{CF8285B0-130B-4397-BE31-0057B6AD9310}.Debug|ARM64.Build.0 = Debug|Any CPU
		{CF8285B0-130B-4397-BE31-0057B6AD9310}.Debug|x64.ActiveCfg = Debug|Any CPU
		{CF8285B0-130B-4397-BE31-0057B6AD9310}.Debug|x64.Build.0 = Debug|Any CPU
		{CF8285B0-130B-4397-BE31-0057B6AD9310}.Debug|x86.ActiveCfg = Debug|Any CPU
		{CF8285B0-130B-4397-BE31-0057B6AD9310}.Debug|x86.Build.0 = Debug|Any CPU
		{CF8285B0-130B-4397-BE31-0057B6AD9310}.Release|Any CPU.ActiveCfg = Release|Any CPU
		{CF8285B0-130B-4397-BE31-0057B6AD9310}.Release|Any CPU.Build.0 = Release|Any CPU
		{CF8285B0-130B-4397-BE31-0057B6AD9310}.Release|ARM64.ActiveCfg = Release|Any CPU
		{CF8285B0-130B-4397-BE31-0057B6AD9310}.Release|ARM64.Build.0 = Release|Any CPU
		{CF8285B0-130B-4397-BE31-0057B6AD9310}.Release|x64.ActiveCfg = Release|Any CPU
		{CF8285B0-130B-4397-BE31-0057B6AD9310}.Release|x64.Build.0 = Release|Any CPU
		{CF8285B0-130B-4397-BE31-0057B6AD9310}.Release|x86.ActiveCfg = Release|Any CPU
		{CF8285B0-130B-4397-BE31-0057B6AD9310}.Release|x86.Build.0 = Release|Any CPU
		{AAE169B3-A1FC-4F1A-AC06-2C2D771B8416}.Debug|Any CPU.ActiveCfg = Debug|Any CPU
		{AAE169B3-A1FC-4F1A-AC06-2C2D771B8416}.Debug|Any CPU.Build.0 = Debug|Any CPU
		{AAE169B3-A1FC-4F1A-AC06-2C2D771B8416}.Debug|ARM64.ActiveCfg = Debug|Any CPU
		{AAE169B3-A1FC-4F1A-AC06-2C2D771B8416}.Debug|ARM64.Build.0 = Debug|Any CPU
		{AAE169B3-A1FC-4F1A-AC06-2C2D771B8416}.Debug|x64.ActiveCfg = Debug|Any CPU
		{AAE169B3-A1FC-4F1A-AC06-2C2D771B8416}.Debug|x64.Build.0 = Debug|Any CPU
		{AAE169B3-A1FC-4F1A-AC06-2C2D771B8416}.Debug|x86.ActiveCfg = Debug|Any CPU
		{AAE169B3-A1FC-4F1A-AC06-2C2D771B8416}.Debug|x86.Build.0 = Debug|Any CPU
		{AAE169B3-A1FC-4F1A-AC06-2C2D771B8416}.Release|Any CPU.ActiveCfg = Release|Any CPU
		{AAE169B3-A1FC-4F1A-AC06-2C2D771B8416}.Release|Any CPU.Build.0 = Release|Any CPU
		{AAE169B3-A1FC-4F1A-AC06-2C2D771B8416}.Release|ARM64.ActiveCfg = Release|Any CPU
		{AAE169B3-A1FC-4F1A-AC06-2C2D771B8416}.Release|ARM64.Build.0 = Release|Any CPU
		{AAE169B3-A1FC-4F1A-AC06-2C2D771B8416}.Release|x64.ActiveCfg = Release|Any CPU
		{AAE169B3-A1FC-4F1A-AC06-2C2D771B8416}.Release|x64.Build.0 = Release|Any CPU
		{AAE169B3-A1FC-4F1A-AC06-2C2D771B8416}.Release|x86.ActiveCfg = Release|Any CPU
		{AAE169B3-A1FC-4F1A-AC06-2C2D771B8416}.Release|x86.Build.0 = Release|Any CPU
		{86052546-7933-42B0-9F47-13D9A8423411}.Debug|Any CPU.ActiveCfg = Debug|Any CPU
		{86052546-7933-42B0-9F47-13D9A8423411}.Debug|Any CPU.Build.0 = Debug|Any CPU
		{86052546-7933-42B0-9F47-13D9A8423411}.Debug|ARM64.ActiveCfg = Debug|Any CPU
		{86052546-7933-42B0-9F47-13D9A8423411}.Debug|ARM64.Build.0 = Debug|Any CPU
		{86052546-7933-42B0-9F47-13D9A8423411}.Debug|x64.ActiveCfg = Debug|Any CPU
		{86052546-7933-42B0-9F47-13D9A8423411}.Debug|x64.Build.0 = Debug|Any CPU
		{86052546-7933-42B0-9F47-13D9A8423411}.Debug|x86.ActiveCfg = Debug|Any CPU
		{86052546-7933-42B0-9F47-13D9A8423411}.Debug|x86.Build.0 = Debug|Any CPU
		{86052546-7933-42B0-9F47-13D9A8423411}.Release|Any CPU.ActiveCfg = Release|Any CPU
		{86052546-7933-42B0-9F47-13D9A8423411}.Release|Any CPU.Build.0 = Release|Any CPU
		{86052546-7933-42B0-9F47-13D9A8423411}.Release|ARM64.ActiveCfg = Release|Any CPU
		{86052546-7933-42B0-9F47-13D9A8423411}.Release|ARM64.Build.0 = Release|Any CPU
		{86052546-7933-42B0-9F47-13D9A8423411}.Release|x64.ActiveCfg = Release|Any CPU
		{86052546-7933-42B0-9F47-13D9A8423411}.Release|x64.Build.0 = Release|Any CPU
		{86052546-7933-42B0-9F47-13D9A8423411}.Release|x86.ActiveCfg = Release|Any CPU
		{86052546-7933-42B0-9F47-13D9A8423411}.Release|x86.Build.0 = Release|Any CPU
		{36AA575E-712F-450B-9CFF-C7F677E08392}.Debug|Any CPU.ActiveCfg = Debug|x64
		{36AA575E-712F-450B-9CFF-C7F677E08392}.Debug|Any CPU.Build.0 = Debug|x64
		{36AA575E-712F-450B-9CFF-C7F677E08392}.Debug|ARM64.ActiveCfg = Debug|ARM64
		{36AA575E-712F-450B-9CFF-C7F677E08392}.Debug|ARM64.Build.0 = Debug|ARM64
		{36AA575E-712F-450B-9CFF-C7F677E08392}.Debug|x64.ActiveCfg = Debug|x64
		{36AA575E-712F-450B-9CFF-C7F677E08392}.Debug|x64.Build.0 = Debug|x64
		{36AA575E-712F-450B-9CFF-C7F677E08392}.Debug|x86.ActiveCfg = Debug|x86
		{36AA575E-712F-450B-9CFF-C7F677E08392}.Debug|x86.Build.0 = Debug|x86
		{36AA575E-712F-450B-9CFF-C7F677E08392}.Release|Any CPU.ActiveCfg = Release|x64
		{36AA575E-712F-450B-9CFF-C7F677E08392}.Release|Any CPU.Build.0 = Release|x64
		{36AA575E-712F-450B-9CFF-C7F677E08392}.Release|ARM64.ActiveCfg = Release|ARM64
		{36AA575E-712F-450B-9CFF-C7F677E08392}.Release|ARM64.Build.0 = Release|ARM64
		{36AA575E-712F-450B-9CFF-C7F677E08392}.Release|x64.ActiveCfg = Release|x64
		{36AA575E-712F-450B-9CFF-C7F677E08392}.Release|x64.Build.0 = Release|x64
		{36AA575E-712F-450B-9CFF-C7F677E08392}.Release|x86.ActiveCfg = Release|x86
		{36AA575E-712F-450B-9CFF-C7F677E08392}.Release|x86.Build.0 = Release|x86
	EndGlobalSection
	GlobalSection(SolutionProperties) = preSolution
		HideSolutionNode = FALSE
	EndGlobalSection
	GlobalSection(ExtensibilityGlobals) = postSolution
		SolutionGuid = {5B6162E5-B4C8-4E40-BE9E-3432A2570919}
	EndGlobalSection
EndGlobal
